{
    "_readme": [
        "This file locks the dependencies of your project to a known state",
        "Read more about it at https://getcomposer.org/doc/01-basic-usage.md#installing-dependencies",
        "This file is @generated automatically"
    ],
    "content-hash": "7778947ef2ca33d5c7fbf2750816d3f6",
    "packages": [
        {
            "name": "billie/api-php-sdk",
            "version": "dev-feature/oauth2",
            "source": {
                "type": "git",
                "url": "https://github.com/ozean12/billie-shop-plugin-sdk.git",
                "reference": "c38c0649d54d1e1e1bd60fea1c4e1ab70688e233"
            },
            "dist": {
                "type": "zip",
                "url": "https://api.github.com/repos/ozean12/billie-shop-plugin-sdk/zipball/c38c0649d54d1e1e1bd60fea1c4e1ab70688e233",
                "reference": "c38c0649d54d1e1e1bd60fea1c4e1ab70688e233",
                "shasum": ""
            },
            "require": {
                "ext-curl": "*",
                "ext-json": "*",
                "ext-mbstring": "*",
                "guzzlehttp/guzzle": "5.* || ^6.3",
                "kamermans/guzzle-oauth2-subscriber": "^1.0",
                "php": "^5.6 || ^7.1",
                "symfony/intl": "3.4.24",
                "symfony/validator": "3.4.24"
            },
            "require-dev": {
                "friendsofphp/php-cs-fixer": "^2.14",
                "phpunit/phpunit": "^5",
                "ramsey/uuid": "^3.8",
                "squizlabs/php_codesniffer": "^3.4",
                "symfony/var-dumper": "^3.4"
            },
            "type": "project",
            "autoload": {
                "psr-4": {
                    "Billie\\": "lib/"
                }
            },
            "autoload-dev": {
                "psr-4": {
                    "Billie\\Tests\\": "tests/"
                }
            },
            "license": [
                "proprietary"
            ],
            "authors": [
                {
                    "name": "Marcel Barten",
                    "email": "github@m-barten.de"
                }
            ],
            "description": "SDK PHP for Billie.io API",
            "homepage": "https://www.billie.io/",
            "support": {
                "source": "https://github.com/ozean12/billie-shop-plugin-sdk/tree/1.0.2",
                "issues": "https://github.com/ozean12/billie-shop-plugin-sdk/issues"
            },
            "time": "2020-07-09T12:51:16+00:00"
        },
        {
            "name": "guzzlehttp/guzzle",
            "version": "5.3.3",
            "source": {
                "type": "git",
                "url": "https://github.com/guzzle/guzzle.git",
                "reference": "93bbdb30d59be6cd9839495306c65f2907370eb9"
            },
            "dist": {
                "type": "zip",
                "url": "https://api.github.com/repos/guzzle/guzzle/zipball/93bbdb30d59be6cd9839495306c65f2907370eb9",
                "reference": "93bbdb30d59be6cd9839495306c65f2907370eb9",
                "shasum": ""
            },
            "require": {
                "guzzlehttp/ringphp": "^1.1",
                "php": ">=5.4.0",
                "react/promise": "^2.2"
            },
            "require-dev": {
                "ext-curl": "*",
                "phpunit/phpunit": "^4.0"
            },
            "type": "library",
            "autoload": {
                "psr-4": {
                    "GuzzleHttp\\": "src/"
                }
            },
            "notification-url": "https://packagist.org/downloads/",
            "license": [
                "MIT"
            ],
            "authors": [
                {
                    "name": "Michael Dowling",
                    "email": "mtdowling@gmail.com",
                    "homepage": "https://github.com/mtdowling"
                }
            ],
            "description": "Guzzle is a PHP HTTP client library and framework for building RESTful web service clients",
            "homepage": "http://guzzlephp.org/",
            "keywords": [
                "client",
                "curl",
                "framework",
                "http",
                "http client",
                "rest",
                "web service"
            ],
            "time": "2018-07-31T13:33:10+00:00"
        },
        {
            "name": "guzzlehttp/ringphp",
            "version": "1.1.1",
            "source": {
                "type": "git",
                "url": "https://github.com/guzzle/RingPHP.git",
                "reference": "5e2a174052995663dd68e6b5ad838afd47dd615b"
            },
            "dist": {
                "type": "zip",
                "url": "https://api.github.com/repos/guzzle/RingPHP/zipball/5e2a174052995663dd68e6b5ad838afd47dd615b",
                "reference": "5e2a174052995663dd68e6b5ad838afd47dd615b",
                "shasum": ""
            },
            "require": {
                "guzzlehttp/streams": "~3.0",
                "php": ">=5.4.0",
                "react/promise": "~2.0"
            },
            "require-dev": {
                "ext-curl": "*",
                "phpunit/phpunit": "~4.0"
            },
            "suggest": {
                "ext-curl": "Guzzle will use specific adapters if cURL is present"
            },
            "type": "library",
            "extra": {
                "branch-alias": {
                    "dev-master": "1.1-dev"
                }
            },
            "autoload": {
                "psr-4": {
                    "GuzzleHttp\\Ring\\": "src/"
                }
            },
            "notification-url": "https://packagist.org/downloads/",
            "license": [
                "MIT"
            ],
            "authors": [
                {
                    "name": "Michael Dowling",
                    "email": "mtdowling@gmail.com",
                    "homepage": "https://github.com/mtdowling"
                }
            ],
            "description": "Provides a simple API and specification that abstracts away the details of HTTP into a single PHP function.",
            "abandoned": true,
            "time": "2018-07-31T13:22:33+00:00"
        },
        {
            "name": "guzzlehttp/streams",
            "version": "3.0.0",
            "source": {
                "type": "git",
                "url": "https://github.com/guzzle/streams.git",
                "reference": "47aaa48e27dae43d39fc1cea0ccf0d84ac1a2ba5"
            },
            "dist": {
                "type": "zip",
                "url": "https://api.github.com/repos/guzzle/streams/zipball/47aaa48e27dae43d39fc1cea0ccf0d84ac1a2ba5",
                "reference": "47aaa48e27dae43d39fc1cea0ccf0d84ac1a2ba5",
                "shasum": ""
            },
            "require": {
                "php": ">=5.4.0"
            },
            "require-dev": {
                "phpunit/phpunit": "~4.0"
            },
            "type": "library",
            "extra": {
                "branch-alias": {
                    "dev-master": "3.0-dev"
                }
            },
            "autoload": {
                "psr-4": {
                    "GuzzleHttp\\Stream\\": "src/"
                }
            },
            "notification-url": "https://packagist.org/downloads/",
            "license": [
                "MIT"
            ],
            "authors": [
                {
                    "name": "Michael Dowling",
                    "email": "mtdowling@gmail.com",
                    "homepage": "https://github.com/mtdowling"
                }
            ],
            "description": "Provides a simple abstraction over streams of data",
            "homepage": "http://guzzlephp.org/",
            "keywords": [
                "Guzzle",
                "stream"
            ],
            "abandoned": true,
            "time": "2014-10-12T19:18:40+00:00"
        },
        {
            "name": "kamermans/guzzle-oauth2-subscriber",
            "version": "v1.0.6",
            "source": {
                "type": "git",
                "url": "https://github.com/kamermans/guzzle-oauth2-subscriber.git",
                "reference": "0e484edf9b8b12ec4710f86ba9b0831ccd1f6283"
            },
            "dist": {
                "type": "zip",
                "url": "https://api.github.com/repos/kamermans/guzzle-oauth2-subscriber/zipball/0e484edf9b8b12ec4710f86ba9b0831ccd1f6283",
                "reference": "0e484edf9b8b12ec4710f86ba9b0831ccd1f6283",
                "shasum": ""
            },
            "require": {
                "guzzlehttp/guzzle": ">=4.0",
                "php": ">=5.4.0"
            },
            "type": "library",
            "autoload": {
                "psr-4": {
                    "kamermans\\OAuth2\\": "src"
                }
            },
            "notification-url": "https://packagist.org/downloads/",
            "license": [
                "MIT"
            ],
            "authors": [
                {
                    "name": "Steve Kamerman",
                    "email": "stevekamerman@gmail.com"
                }
            ],
            "description": "OAuth 2.0 client for Guzzle 4, 5 and 6+",
            "keywords": [
                "Guzzle",
                "oauth"
            ],
            "time": "2019-02-26T16:58:01+00:00"
        },
        {
            "name": "react/promise",
            "version": "v2.8.0",
            "source": {
                "type": "git",
                "url": "https://github.com/reactphp/promise.git",
                "reference": "f3cff96a19736714524ca0dd1d4130de73dbbbc4"
            },
            "dist": {
                "type": "zip",
                "url": "https://api.github.com/repos/reactphp/promise/zipball/f3cff96a19736714524ca0dd1d4130de73dbbbc4",
                "reference": "f3cff96a19736714524ca0dd1d4130de73dbbbc4",
                "shasum": ""
            },
            "require": {
                "php": ">=5.4.0"
            },
            "require-dev": {
                "phpunit/phpunit": "^7.0 || ^6.5 || ^5.7 || ^4.8.36"
            },
            "type": "library",
            "autoload": {
                "psr-4": {
                    "React\\Promise\\": "src/"
                },
                "files": [
                    "src/functions_include.php"
                ]
            },
            "notification-url": "https://packagist.org/downloads/",
            "license": [
                "MIT"
            ],
            "authors": [
                {
                    "name": "Jan Sorgalla",
                    "email": "jsorgalla@gmail.com"
                }
            ],
            "description": "A lightweight implementation of CommonJS Promises/A for PHP",
            "keywords": [
                "promise",
                "promises"
            ],
            "time": "2020-05-12T15:16:56+00:00"
        },
        {
            "name": "symfony/intl",
            "version": "v3.4.24",
            "source": {
                "type": "git",
                "url": "https://github.com/symfony/intl.git",
                "reference": "d2ac83703951bc3206e9ea3f6114b355de14e3ce"
            },
            "dist": {
                "type": "zip",
                "url": "https://api.github.com/repos/symfony/intl/zipball/d2ac83703951bc3206e9ea3f6114b355de14e3ce",
                "reference": "d2ac83703951bc3206e9ea3f6114b355de14e3ce",
                "shasum": ""
            },
            "require": {
                "php": "^5.5.9|>=7.0.8",
                "symfony/polyfill-intl-icu": "~1.0"
            },
            "require-dev": {
                "symfony/filesystem": "~2.8|~3.0|~4.0"
            },
            "suggest": {
                "ext-intl": "to use the component with locales other than \"en\""
            },
            "type": "library",
            "extra": {
                "branch-alias": {
                    "dev-master": "3.4-dev"
                }
            },
            "autoload": {
                "psr-4": {
                    "Symfony\\Component\\Intl\\": ""
                },
                "classmap": [
                    "Resources/stubs"
                ],
                "exclude-from-classmap": [
                    "/Tests/"
                ]
            },
            "notification-url": "https://packagist.org/downloads/",
            "license": [
                "MIT"
            ],
            "authors": [
                {
                    "name": "Bernhard Schussek",
                    "email": "bschussek@gmail.com"
                },
                {
                    "name": "Eriksen Costa",
                    "email": "eriksen.costa@infranology.com.br"
                },
                {
                    "name": "Igor Wiedler",
                    "email": "igor@wiedler.ch"
                },
                {
                    "name": "Symfony Community",
                    "homepage": "https://symfony.com/contributors"
                }
            ],
            "description": "A PHP replacement layer for the C intl extension that includes additional data from the ICU library.",
            "homepage": "https://symfony.com",
            "keywords": [
                "i18n",
                "icu",
                "internationalization",
                "intl",
                "l10n",
                "localization"
            ],
            "time": "2019-03-31T16:47:37+00:00"
        },
        {
            "name": "symfony/polyfill-ctype",
            "version": "v1.17.1",
            "source": {
                "type": "git",
                "url": "https://github.com/symfony/polyfill-ctype.git",
                "reference": "2edd75b8b35d62fd3eeabba73b26b8f1f60ce13d"
            },
            "dist": {
                "type": "zip",
                "url": "https://api.github.com/repos/symfony/polyfill-ctype/zipball/2edd75b8b35d62fd3eeabba73b26b8f1f60ce13d",
                "reference": "2edd75b8b35d62fd3eeabba73b26b8f1f60ce13d",
                "shasum": ""
            },
            "require": {
                "php": ">=5.3.3"
            },
            "suggest": {
                "ext-ctype": "For best performance"
            },
            "type": "library",
            "extra": {
                "branch-alias": {
                    "dev-master": "1.17-dev"
                },
                "thanks": {
                    "name": "symfony/polyfill",
                    "url": "https://github.com/symfony/polyfill"
                }
            },
            "autoload": {
                "psr-4": {
                    "Symfony\\Polyfill\\Ctype\\": ""
                },
                "files": [
                    "bootstrap.php"
                ]
            },
            "notification-url": "https://packagist.org/downloads/",
            "license": [
                "MIT"
            ],
            "authors": [
                {
                    "name": "Gert de Pagter",
                    "email": "BackEndTea@gmail.com"
                },
                {
                    "name": "Symfony Community",
                    "homepage": "https://symfony.com/contributors"
                }
            ],
            "description": "Symfony polyfill for ctype functions",
            "homepage": "https://symfony.com",
            "keywords": [
                "compatibility",
                "ctype",
                "polyfill",
                "portable"
            ],
            "time": "2020-06-06T08:46:27+00:00"
        },
        {
            "name": "symfony/polyfill-intl-icu",
            "version": "v1.17.1",
            "source": {
                "type": "git",
                "url": "https://github.com/symfony/polyfill-intl-icu.git",
                "reference": "7b5e03aeb88cc8b4b2b136e34b0fc0830e86cd4d"
            },
            "dist": {
                "type": "zip",
                "url": "https://api.github.com/repos/symfony/polyfill-intl-icu/zipball/7b5e03aeb88cc8b4b2b136e34b0fc0830e86cd4d",
                "reference": "7b5e03aeb88cc8b4b2b136e34b0fc0830e86cd4d",
                "shasum": ""
            },
            "require": {
                "php": ">=5.3.3",
                "symfony/intl": "~2.3|~3.0|~4.0|~5.0"
            },
            "suggest": {
                "ext-intl": "For best performance"
            },
            "type": "library",
            "extra": {
                "branch-alias": {
                    "dev-master": "1.17-dev"
                },
                "thanks": {
                    "name": "symfony/polyfill",
                    "url": "https://github.com/symfony/polyfill"
                }
            },
            "autoload": {
                "files": [
                    "bootstrap.php"
                ]
            },
            "notification-url": "https://packagist.org/downloads/",
            "license": [
                "MIT"
            ],
            "authors": [
                {
                    "name": "Nicolas Grekas",
                    "email": "p@tchwork.com"
                },
                {
                    "name": "Symfony Community",
                    "homepage": "https://symfony.com/contributors"
                }
            ],
            "description": "Symfony polyfill for intl's ICU-related data and classes",
            "homepage": "https://symfony.com",
            "keywords": [
                "compatibility",
                "icu",
                "intl",
                "polyfill",
                "portable",
                "shim"
            ],
            "time": "2020-06-06T08:46:27+00:00"
        },
        {
            "name": "symfony/polyfill-mbstring",
            "version": "v1.17.1",
            "source": {
                "type": "git",
                "url": "https://github.com/symfony/polyfill-mbstring.git",
                "reference": "7110338d81ce1cbc3e273136e4574663627037a7"
            },
            "dist": {
                "type": "zip",
                "url": "https://api.github.com/repos/symfony/polyfill-mbstring/zipball/7110338d81ce1cbc3e273136e4574663627037a7",
                "reference": "7110338d81ce1cbc3e273136e4574663627037a7",
                "shasum": ""
            },
            "require": {
                "php": ">=5.3.3"
            },
            "suggest": {
                "ext-mbstring": "For best performance"
            },
            "type": "library",
            "extra": {
                "branch-alias": {
                    "dev-master": "1.17-dev"
                },
                "thanks": {
                    "name": "symfony/polyfill",
                    "url": "https://github.com/symfony/polyfill"
                }
            },
            "autoload": {
                "psr-4": {
                    "Symfony\\Polyfill\\Mbstring\\": ""
                },
                "files": [
                    "bootstrap.php"
                ]
            },
            "notification-url": "https://packagist.org/downloads/",
            "license": [
                "MIT"
            ],
            "authors": [
                {
                    "name": "Nicolas Grekas",
                    "email": "p@tchwork.com"
                },
                {
                    "name": "Symfony Community",
                    "homepage": "https://symfony.com/contributors"
                }
            ],
            "description": "Symfony polyfill for the Mbstring extension",
            "homepage": "https://symfony.com",
            "keywords": [
                "compatibility",
                "mbstring",
                "polyfill",
                "portable",
                "shim"
            ],
            "time": "2020-06-06T08:46:27+00:00"
        },
        {
            "name": "symfony/translation",
            "version": "v4.4.10",
            "source": {
                "type": "git",
                "url": "https://github.com/symfony/translation.git",
                "reference": "79d3ef9096a6a6047dbc69218b68c7b7f63193af"
            },
            "dist": {
                "type": "zip",
                "url": "https://api.github.com/repos/symfony/translation/zipball/79d3ef9096a6a6047dbc69218b68c7b7f63193af",
                "reference": "79d3ef9096a6a6047dbc69218b68c7b7f63193af",
                "shasum": ""
            },
            "require": {
                "php": ">=7.1.3",
                "symfony/polyfill-mbstring": "~1.0",
                "symfony/translation-contracts": "^1.1.6|^2"
            },
            "conflict": {
                "symfony/config": "<3.4",
                "symfony/dependency-injection": "<3.4",
                "symfony/http-kernel": "<4.4",
                "symfony/yaml": "<3.4"
            },
            "provide": {
                "symfony/translation-implementation": "1.0"
            },
            "require-dev": {
                "psr/log": "~1.0",
                "symfony/config": "^3.4|^4.0|^5.0",
                "symfony/console": "^3.4|^4.0|^5.0",
                "symfony/dependency-injection": "^3.4|^4.0|^5.0",
                "symfony/finder": "~2.8|~3.0|~4.0|^5.0",
                "symfony/http-kernel": "^4.4",
                "symfony/intl": "^3.4|^4.0|^5.0",
                "symfony/service-contracts": "^1.1.2|^2",
                "symfony/yaml": "^3.4|^4.0|^5.0"
            },
            "suggest": {
                "psr/log-implementation": "To use logging capability in translator",
                "symfony/config": "",
                "symfony/yaml": ""
            },
            "type": "library",
            "extra": {
                "branch-alias": {
                    "dev-master": "4.4-dev"
                }
            },
            "autoload": {
                "psr-4": {
                    "Symfony\\Component\\Translation\\": ""
                },
                "exclude-from-classmap": [
                    "/Tests/"
                ]
            },
            "notification-url": "https://packagist.org/downloads/",
            "license": [
                "MIT"
            ],
            "authors": [
                {
                    "name": "Fabien Potencier",
                    "email": "fabien@symfony.com"
                },
                {
                    "name": "Symfony Community",
                    "homepage": "https://symfony.com/contributors"
                }
            ],
            "description": "Symfony Translation Component",
            "homepage": "https://symfony.com",
            "time": "2020-05-30T20:06:45+00:00"
        },
        {
            "name": "symfony/translation-contracts",
            "version": "v2.1.3",
            "source": {
                "type": "git",
                "url": "https://github.com/symfony/translation-contracts.git",
                "reference": "616a9773c853097607cf9dd6577d5b143ffdcd63"
            },
            "dist": {
                "type": "zip",
                "url": "https://api.github.com/repos/symfony/translation-contracts/zipball/616a9773c853097607cf9dd6577d5b143ffdcd63",
                "reference": "616a9773c853097607cf9dd6577d5b143ffdcd63",
                "shasum": ""
            },
            "require": {
                "php": ">=7.2.5"
            },
            "suggest": {
                "symfony/translation-implementation": ""
            },
            "type": "library",
            "extra": {
                "branch-alias": {
                    "dev-master": "2.1-dev"
                },
                "thanks": {
                    "name": "symfony/contracts",
                    "url": "https://github.com/symfony/contracts"
                }
            },
            "autoload": {
                "psr-4": {
                    "Symfony\\Contracts\\Translation\\": ""
                }
            },
            "notification-url": "https://packagist.org/downloads/",
            "license": [
                "MIT"
            ],
            "authors": [
                {
                    "name": "Nicolas Grekas",
                    "email": "p@tchwork.com"
                },
                {
                    "name": "Symfony Community",
                    "homepage": "https://symfony.com/contributors"
                }
            ],
            "description": "Generic abstractions related to translation",
            "homepage": "https://symfony.com",
            "keywords": [
                "abstractions",
                "contracts",
                "decoupling",
                "interfaces",
                "interoperability",
                "standards"
            ],
            "time": "2020-07-06T13:23:11+00:00"
        },
        {
            "name": "symfony/validator",
            "version": "v3.4.24",
            "source": {
                "type": "git",
                "url": "https://github.com/symfony/validator.git",
                "reference": "8f16fba8d261c1e2fa19748f8043d74666fb9b61"
            },
            "dist": {
                "type": "zip",
                "url": "https://api.github.com/repos/symfony/validator/zipball/8f16fba8d261c1e2fa19748f8043d74666fb9b61",
                "reference": "8f16fba8d261c1e2fa19748f8043d74666fb9b61",
                "shasum": ""
            },
            "require": {
                "php": "^5.5.9|>=7.0.8",
                "symfony/polyfill-ctype": "~1.8",
                "symfony/polyfill-mbstring": "~1.0",
                "symfony/translation": "~2.8|~3.0|~4.0"
            },
            "conflict": {
                "phpunit/phpunit": "<4.8.35|<5.4.3,>=5.0",
                "symfony/dependency-injection": "<3.3",
                "symfony/http-kernel": "<3.3.5",
                "symfony/yaml": "<3.4"
            },
            "require-dev": {
                "doctrine/annotations": "~1.0",
                "doctrine/cache": "~1.0",
                "egulias/email-validator": "^1.2.8|~2.0",
                "symfony/cache": "~3.1|~4.0",
                "symfony/config": "~2.8|~3.0|~4.0",
                "symfony/dependency-injection": "~3.3|~4.0",
                "symfony/expression-language": "~2.8|~3.0|~4.0",
                "symfony/http-foundation": "~2.8|~3.0|~4.0",
                "symfony/http-kernel": "^3.3.5|~4.0",
                "symfony/intl": "^2.8.18|^3.2.5|~4.0",
                "symfony/property-access": "~2.8|~3.0|~4.0",
                "symfony/var-dumper": "~3.3|~4.0",
                "symfony/yaml": "~3.4|~4.0"
            },
            "suggest": {
                "doctrine/annotations": "For using the annotation mapping. You will also need doctrine/cache.",
                "doctrine/cache": "For using the default cached annotation reader and metadata cache.",
                "egulias/email-validator": "Strict (RFC compliant) email validation",
                "psr/cache-implementation": "For using the metadata cache.",
                "symfony/config": "",
                "symfony/expression-language": "For using the Expression validator",
                "symfony/http-foundation": "",
                "symfony/intl": "",
                "symfony/property-access": "For accessing properties within comparison constraints",
                "symfony/yaml": ""
            },
            "type": "library",
            "extra": {
                "branch-alias": {
                    "dev-master": "3.4-dev"
                }
            },
            "autoload": {
                "psr-4": {
                    "Symfony\\Component\\Validator\\": ""
                },
                "exclude-from-classmap": [
                    "/Tests/"
                ]
            },
            "notification-url": "https://packagist.org/downloads/",
            "license": [
                "MIT"
            ],
            "authors": [
                {
                    "name": "Fabien Potencier",
                    "email": "fabien@symfony.com"
                },
                {
                    "name": "Symfony Community",
                    "homepage": "https://symfony.com/contributors"
                }
            ],
            "description": "Symfony Validator Component",
            "homepage": "https://symfony.com",
            "time": "2019-03-29T17:25:59+00:00"
        }
    ],
    "packages-dev": [
        {
            "name": "symfony/var-dumper",
            "version": "v3.4.42",
            "source": {
                "type": "git",
                "url": "https://github.com/symfony/var-dumper.git",
                "reference": "7a947d1b5e81583759a3a927f1761b95bddc5f1b"
            },
            "dist": {
                "type": "zip",
                "url": "https://api.github.com/repos/symfony/var-dumper/zipball/7a947d1b5e81583759a3a927f1761b95bddc5f1b",
                "reference": "7a947d1b5e81583759a3a927f1761b95bddc5f1b",
                "shasum": ""
            },
            "require": {
                "php": "^5.5.9|>=7.0.8",
                "symfony/polyfill-mbstring": "~1.0"
            },
            "conflict": {
                "phpunit/phpunit": "<4.8.35|<5.4.3,>=5.0"
            },
            "require-dev": {
                "ext-iconv": "*",
                "twig/twig": "~1.34|~2.4"
            },
            "suggest": {
                "ext-iconv": "To convert non-UTF-8 strings to UTF-8 (or symfony/polyfill-iconv in case ext-iconv cannot be used).",
                "ext-intl": "To show region name in time zone dump",
                "ext-symfony_debug": ""
            },
            "type": "library",
            "extra": {
                "branch-alias": {
                    "dev-master": "3.4-dev"
                }
            },
            "autoload": {
                "files": [
                    "Resources/functions/dump.php"
                ],
                "psr-4": {
                    "Symfony\\Component\\VarDumper\\": ""
                },
                "exclude-from-classmap": [
                    "/Tests/"
                ]
            },
            "notification-url": "https://packagist.org/downloads/",
            "license": [
                "MIT"
            ],
            "authors": [
                {
                    "name": "Nicolas Grekas",
                    "email": "p@tchwork.com"
                },
                {
                    "name": "Symfony Community",
                    "homepage": "https://symfony.com/contributors"
                }
            ],
            "description": "Symfony mechanism for exploring and dumping PHP variables",
            "homepage": "https://symfony.com",
            "keywords": [
                "debug",
                "dump"
            ],
            "time": "2020-05-23T12:00:17+00:00"
        }
    ],
    "aliases": [],
    "minimum-stability": "dev",
    "stability-flags": {
        "billie/api-php-sdk": 20
    },
    "prefer-stable": true,
    "prefer-lowest": false,
    "platform": [],
    "platform-dev": []
}
